
Microsoft Visual Studio Solution File, Format Version 12.00
# Visual Studio Version 16
VisualStudioVersion = 25.0.1705.4
MinimumVisualStudioVersion = 10.0.40219.1
Project("{FAE04EC0-301F-11D3-BF4B-00C04F79EFBC}") = "HelloWorldRazor", "HelloWorldRazor\HelloWorldRazor.csproj", "{828FB59A-9CE3-4370-B3BD-3DCED4BAA31F}"
EndProject
Global
	GlobalSection(SolutionConfigurationPlatforms) = preSolution
		Debug|Any CPU = Debug|Any CPU
		Release|Any CPU = Release|Any CPU
	EndGlobalSection
	GlobalSection(ProjectConfigurationPlatforms) = postSolution
		{828FB59A-9CE3-4370-B3BD-3DCED4BAA31F}.Debug|Any CPU.ActiveCfg = Debug|Any CPU
		{828FB59A-9CE3-4370-B3BD-3DCED4BAA31F}.Debug|Any CPU.Build.0 = Debug|Any CPU
		{828FB59A-9CE3-4370-B3BD-3DCED4BAA31F}.Release|Any CPU.ActiveCfg = Release|Any CPU
		{828FB59A-9CE3-4370-B3BD-3DCED4BAA31F}.Release|Any CPU.Build.0 = Release|Any CPU
	EndGlobalSection
	GlobalSection(SolutionProperties) = preSolution
		HideSolutionNode = FALSE
	EndGlobalSection
	GlobalSection(ExtensibilityGlobals) = postSolution
		SolutionGuid = {3EC5662D-D544-45CF-9489-C535D492C6FB}
	EndGlobalSection
EndGlobal
